
Microsoft Visual Studio Solution File, Format Version 12.00
# Visual Studio 15
VisualStudioVersion = 15.0.28307.2092
MinimumVisualStudioVersion = 10.0.40219.1
Project("{888888A0-9F3D-457C-B088-3A5042F75D52}") = "LongAndShort", "LongAndShort.pyproj", "{0933662C-9BB4-4A33-8D57-9AF7B53B79C7}"
EndProject
Global
	GlobalSection(SolutionConfigurationPlatforms) = preSolution
		Debug|Any CPU = Debug|Any CPU
		Release|Any CPU = Release|Any CPU
	EndGlobalSection
	GlobalSection(ProjectConfigurationPlatforms) = postSolution
		{0933662C-9BB4-4A33-8D57-9AF7B53B79C7}.Debug|Any CPU.ActiveCfg = Debug|Any CPU
		{0933662C-9BB4-4A33-8D57-9AF7B53B79C7}.Release|Any CPU.ActiveCfg = Release|Any CPU
	EndGlobalSection
	GlobalSection(SolutionProperties) = preSolution
		HideSolutionNode = FALSE
	EndGlobalSection
	GlobalSection(ExtensibilityGlobals) = postSolution
		SolutionGuid = {6A1F9CC2-C60F-4EFA-A5AA-0D77AA7154CC}
	EndGlobalSection
EndGlobal
